
Microsoft Visual Studio Solution File, Format Version 12.00
# Visual Studio Version 17
VisualStudioVersion = 17.10.35013.160
MinimumVisualStudioVersion = 10.0.40219.1
Project("{E24C65DC-7377-472B-9ABA-BC803B73C61A}") = "project", "http://localhost:64032", "{0D6C4361-E8A4-463B-85DB-9BD8816069BE}"
	ProjectSection(WebsiteProperties) = preProject
		UseIISExpress = "true"
		TargetFrameworkMoniker = ".NETFramework,Version%3Dv4.0"
		Debug.AspNetCompiler.VirtualPath = "/localhost_64032"
		Debug.AspNetCompiler.PhysicalPath = "..\..\..\Desktop\project\"
		Debug.AspNetCompiler.TargetPath = "PrecompiledWeb\localhost_64032\"
		Debug.AspNetCompiler.Updateable = "true"
		Debug.AspNetCompiler.ForceOverwrite = "true"
		Debug.AspNetCompiler.FixedNames = "false"
		Debug.AspNetCompiler.Debug = "True"
		Release.AspNetCompiler.VirtualPath = "/localhost_64032"
		Release.AspNetCompiler.PhysicalPath = "..\..\..\Desktop\project\"
		Release.AspNetCompiler.TargetPath = "PrecompiledWeb\localhost_64032\"
		Release.AspNetCompiler.Updateable = "true"
		Release.AspNetCompiler.ForceOverwrite = "true"
		Release.AspNetCompiler.FixedNames = "false"
		Release.AspNetCompiler.Debug = "False"
		SlnRelativePath = "..\..\..\Desktop\project\"
	EndProjectSection
EndProject
Global
	GlobalSection(SolutionConfigurationPlatforms) = preSolution
		Debug|Any CPU = Debug|Any CPU
	EndGlobalSection
	GlobalSection(ProjectConfigurationPlatforms) = postSolution
		{0D6C4361-E8A4-463B-85DB-9BD8816069BE}.Debug|Any CPU.ActiveCfg = Debug|Any CPU
		{0D6C4361-E8A4-463B-85DB-9BD8816069BE}.Debug|Any CPU.Build.0 = Debug|Any CPU
	EndGlobalSection
	GlobalSection(SolutionProperties) = preSolution
		HideSolutionNode = FALSE
	EndGlobalSection
	GlobalSection(ExtensibilityGlobals) = postSolution
		SolutionGuid = {E8CA06DF-1AE3-40AE-9231-8DCA85E37ACB}
	EndGlobalSection
EndGlobal
